
Microsoft Visual Studio Solution File, Format Version 12.00
# Visual Studio Version 17
VisualStudioVersion = 17.10.34928.147
MinimumVisualStudioVersion = 10.0.40219.1
Project("{FAE04EC0-301F-11D3-BF4B-00C04F79EFBC}") = "TripsLog", "TripsLog\TripsLog.csproj", "{6BDDEB1A-BA1F-4F2C-8E0D-1DD2EC7F1ECD}"
EndProject
Global
	GlobalSection(SolutionConfigurationPlatforms) = preSolution
		Debug|Any CPU = Debug|Any CPU
		Release|Any CPU = Release|Any CPU
	EndGlobalSection
	GlobalSection(ProjectConfigurationPlatforms) = postSolution
		{6BDDEB1A-BA1F-4F2C-8E0D-1DD2EC7F1ECD}.Debug|Any CPU.ActiveCfg = Debug|Any CPU
		{6BDDEB1A-BA1F-4F2C-8E0D-1DD2EC7F1ECD}.Debug|Any CPU.Build.0 = Debug|Any CPU
		{6BDDEB1A-BA1F-4F2C-8E0D-1DD2EC7F1ECD}.Release|Any CPU.ActiveCfg = Release|Any CPU
		{6BDDEB1A-BA1F-4F2C-8E0D-1DD2EC7F1ECD}.Release|Any CPU.Build.0 = Release|Any CPU
	EndGlobalSection
	GlobalSection(SolutionProperties) = preSolution
		HideSolutionNode = FALSE
	EndGlobalSection
	GlobalSection(ExtensibilityGlobals) = postSolution
		SolutionGuid = {8CD946A9-03E0-4F75-A272-FFF86B5C0281}
	EndGlobalSection
EndGlobal
